// !$*UTF8*$!
{
	archiveVersion = 1;
	classes = {
	};
	objectVersion = 46;
	objects = {

/* Begin PBXBuildFile section */
		01414F021F0E598200808B9E /* AppDelegate.swift in Sources */ = {isa = PBXBuildFile; fileRef = 01414F011F0E598200808B9E /* AppDelegate.swift */; };
		01414F041F0E598200808B9E /* ViewController.swift in Sources */ = {isa = PBXBuildFile; fileRef = 01414F031F0E598200808B9E /* ViewController.swift */; };
		01414F071F0E598200808B9E /* Main.storyboard in Resources */ = {isa = PBXBuildFile; fileRef = 01414F051F0E598200808B9E /* Main.storyboard */; };
		01414F0A1F0E598200808B9E /* ipip_gq.xcdatamodeld in Sources */ = {isa = PBXBuildFile; fileRef = 01414F081F0E598200808B9E /* ipip_gq.xcdatamodeld */; };
		01414F0C1F0E598200808B9E /* Assets.xcassets in Resources */ = {isa = PBXBuildFile; fileRef = 01414F0B1F0E598200808B9E /* Assets.xcassets */; };
		01414F0F1F0E598200808B9E /* LaunchScreen.storyboard in Resources */ = {isa = PBXBuildFile; fileRef = 01414F0D1F0E598200808B9E /* LaunchScreen.storyboard */; };
		01414F1A1F0E598200808B9E /* ipip_gqTests.swift in Sources */ = {isa = PBXBuildFile; fileRef = 01414F191F0E598200808B9E /* ipip_gqTests.swift */; };
		01414F251F0E598200808B9E /* ipip_gqUITests.swift in Sources */ = {isa = PBXBuildFile; fileRef = 01414F241F0E598200808B9E /* ipip_gqUITests.swift */; };
/* End PBXBuildFile section */

/* Begin PBXContainerItemProxy section */
		01414F161F0E598200808B9E /* PBXContainerItemProxy */ = {
			isa = PBXContainerItemProxy;
			containerPortal = 01414EF61F0E598200808B9E /* Project object */;
			proxyType = 1;
			remoteGlobalIDString = 01414EFD1F0E598200808B9E;
			remoteInfo = "ipip-gq";
		};
		01414F211F0E598200808B9E /* PBXContainerItemProxy */ = {
			isa = PBXContainerItemProxy;
			containerPortal = 01414EF61F0E598200808B9E /* Project object */;
			proxyType = 1;
			remoteGlobalIDString = 01414EFD1F0E598200808B9E;
			remoteInfo = "ipip-gq";
		};
		01414F3D1F0E5C3300808B9E /* PBXContainerItemProxy */ = {
			isa = PBXContainerItemProxy;
			containerPortal = 01414F321F0E5C3200808B9E /* Alamofire.xcodeproj */;
			proxyType = 2;
			remoteGlobalIDString = F8111E3319A95C8B0040E7D1;
			remoteInfo = "Alamofire iOS";
		};
		01414F3F1F0E5C3300808B9E /* PBXContainerItemProxy */ = {
			isa = PBXContainerItemProxy;
			containerPortal = 01414F321F0E5C3200808B9E /* Alamofire.xcodeproj */;
			proxyType = 2;
			remoteGlobalIDString = F8111E3E19A95C8B0040E7D1;
			remoteInfo = "Alamofire iOS Tests";
		};
		01414F411F0E5C3300808B9E /* PBXContainerItemProxy */ = {
			isa = PBXContainerItemProxy;
			containerPortal = 01414F321F0E5C3200808B9E /* Alamofire.xcodeproj */;
			proxyType = 2;
			remoteGlobalIDString = 4DD67C0B1A5C55C900ED2280;
			remoteInfo = "Alamofire macOS";
		};
		01414F431F0E5C3300808B9E /* PBXContainerItemProxy */ = {
			isa = PBXContainerItemProxy;
			containerPortal = 01414F321F0E5C3200808B9E /* Alamofire.xcodeproj */;
			proxyType = 2;
			remoteGlobalIDString = F829C6B21A7A94F100A2CD59;
			remoteInfo = "Alamofire macOS Tests";
		};
		01414F451F0E5C3300808B9E /* PBXContainerItemProxy */ = {
			isa = PBXContainerItemProxy;
			containerPortal = 01414F321F0E5C3200808B9E /* Alamofire.xcodeproj */;
			proxyType = 2;
			remoteGlobalIDString = 4CF626EF1BA7CB3E0011A099;
			remoteInfo = "Alamofire tvOS";
		};
		01414F471F0E5C3300808B9E /* PBXContainerItemProxy */ = {
			isa = PBXContainerItemProxy;
			containerPortal = 01414F321F0E5C3200808B9E /* Alamofire.xcodeproj */;
			proxyType = 2;
			remoteGlobalIDString = 4CF626F81BA7CB3E0011A099;
			remoteInfo = "Alamofire tvOS Tests";
		};
		01414F491F0E5C3300808B9E /* PBXContainerItemProxy */ = {
			isa = PBXContainerItemProxy;
			containerPortal = 01414F321F0E5C3200808B9E /* Alamofire.xcodeproj */;
			proxyType = 2;
			remoteGlobalIDString = E4202FE01B667AA100C997FB;
			remoteInfo = "Alamofire watchOS";
		};
		01414F4B1F0E5C5500808B9E /* PBXContainerItemProxy */ = {
			isa = PBXContainerItemProxy;
			containerPortal = 01414F321F0E5C3200808B9E /* Alamofire.xcodeproj */;
			proxyType = 1;
			remoteGlobalIDString = F8111E3219A95C8B0040E7D1;
			remoteInfo = "Alamofire iOS";
		};
/* End PBXContainerItemProxy section */

/* Begin PBXFileReference section */
		01414EFE1F0E598200808B9E /* ipip-gq.app */ = {isa = PBXFileReference; explicitFileType = wrapper.application; includeInIndex = 0; path = "ipip-gq.app"; sourceTree = BUILT_PRODUCTS_DIR; };
		01414F011F0E598200808B9E /* AppDelegate.swift */ = {isa = PBXFileReference; lastKnownFileType = sourcecode.swift; path = AppDelegate.swift; sourceTree = "<group>"; };
		01414F031F0E598200808B9E /* ViewController.swift */ = {isa = PBXFileReference; lastKnownFileType = sourcecode.swift; path = ViewController.swift; sourceTree = "<group>"; };
		01414F061F0E598200808B9E /* Base */ = {isa = PBXFileReference; lastKnownFileType = file.storyboard; name = Base; path = Base.lproj/Main.storyboard; sourceTree = "<group>"; };
		01414F091F0E598200808B9E /* ipip_gq.xcdatamodel */ = {isa = PBXFileReference; lastKnownFileType = wrapper.xcdatamodel; path = ipip_gq.xcdatamodel; sourceTree = "<group>"; };
		01414F0B1F0E598200808B9E /* Assets.xcassets */ = {isa = PBXFileReference; lastKnownFileType = folder.assetcatalog; path = Assets.xcassets; sourceTree = "<group>"; };
		01414F0E1F0E598200808B9E /* Base */ = {isa = PBXFileReference; lastKnownFileType = file.storyboard; name = Base; path = Base.lproj/LaunchScreen.storyboard; sourceTree = "<group>"; };
		01414F101F0E598200808B9E /* Info.plist */ = {isa = PBXFileReference; lastKnownFileType = text.plist.xml; path = Info.plist; sourceTree = "<group>"; };
		01414F151F0E598200808B9E /* ipip-gqTests.xctest */ = {isa = PBXFileReference; explicitFileType = wrapper.cfbundle; includeInIndex = 0; path = "ipip-gqTests.xctest"; sourceTree = BUILT_PRODUCTS_DIR; };
		01414F191F0E598200808B9E /* ipip_gqTests.swift */ = {isa = PBXFileReference; lastKnownFileType = sourcecode.swift; path = ipip_gqTests.swift; sourceTree = "<group>"; };
		01414F1B1F0E598200808B9E /* Info.plist */ = {isa = PBXFileReference; lastKnownFileType = text.plist.xml; path = Info.plist; sourceTree = "<group>"; };
		01414F201F0E598200808B9E /* ipip-gqUITests.xctest */ = {isa = PBXFileReference; explicitFileType = wrapper.cfbundle; includeInIndex = 0; path = "ipip-gqUITests.xctest"; sourceTree = BUILT_PRODUCTS_DIR; };
		01414F241F0E598200808B9E /* ipip_gqUITests.swift */ = {isa = PBXFileReference; lastKnownFileType = sourcecode.swift; path = ipip_gqUITests.swift; sourceTree = "<group>"; };
		01414F261F0E598200808B9E /* Info.plist */ = {isa = PBXFileReference; lastKnownFileType = text.plist.xml; path = Info.plist; sourceTree = "<group>"; };
		01414F321F0E5C3200808B9E /* Alamofire.xcodeproj */ = {isa = PBXFileReference; lastKnownFileType = "wrapper.pb-project"; name = Alamofire.xcodeproj; path = Alamofire/Alamofire.xcodeproj; sourceTree = "<group>"; };
/* End PBXFileReference section */

/* Begin PBXFrameworksBuildPhase section */
		01414EFB1F0E598200808B9E /* Frameworks */ = {
			isa = PBXFrameworksBuildPhase;
			buildActionMask = 2147483647;
			files = (
			);
			runOnlyForDeploymentPostprocessing = 0;
		};
		01414F121F0E598200808B9E /* Frameworks */ = {
			isa = PBXFrameworksBuildPhase;
			buildActionMask = 2147483647;
			files = (
			);
			runOnlyForDeploymentPostprocessing = 0;
		};
		01414F1D1F0E598200808B9E /* Frameworks */ = {
			isa = PBXFrameworksBuildPhase;
			buildActionMask = 2147483647;
			files = (
			);
			runOnlyForDeploymentPostprocessing = 0;
		};
/* End PBXFrameworksBuildPhase section */

/* Begin PBXGroup section */
		01414EF51F0E598200808B9E = {
			isa = PBXGroup;
			children = (
				01414F001F0E598200808B9E /* ipip-gq */,
				01414F181F0E598200808B9E /* ipip-gqTests */,
				01414F231F0E598200808B9E /* ipip-gqUITests */,
				01414EFF1F0E598200808B9E /* Products */,
				01414F321F0E5C3200808B9E /* Alamofire.xcodeproj */,
			);
			sourceTree = "<group>";
		};
		01414EFF1F0E598200808B9E /* Products */ = {
			isa = PBXGroup;
			children = (
				01414EFE1F0E598200808B9E /* ipip-gq.app */,
				01414F151F0E598200808B9E /* ipip-gqTests.xctest */,
				01414F201F0E598200808B9E /* ipip-gqUITests.xctest */,
			);
			name = Products;
			sourceTree = "<group>";
		};
		01414F001F0E598200808B9E /* ipip-gq */ = {
			isa = PBXGroup;
			children = (
				01414F011F0E598200808B9E /* AppDelegate.swift */,
				01414F031F0E598200808B9E /* ViewController.swift */,
				01414F051F0E598200808B9E /* Main.storyboard */,
				01414F0B1F0E598200808B9E /* Assets.xcassets */,
				01414F0D1F0E598200808B9E /* LaunchScreen.storyboard */,
				01414F101F0E598200808B9E /* Info.plist */,
				01414F081F0E598200808B9E /* ipip_gq.xcdatamodeld */,
			);
			path = "ipip-gq";
			sourceTree = "<group>";
		};
		01414F181F0E598200808B9E /* ipip-gqTests */ = {
			isa = PBXGroup;
			children = (
				01414F191F0E598200808B9E /* ipip_gqTests.swift */,
				01414F1B1F0E598200808B9E /* Info.plist */,
			);
			path = "ipip-gqTests";
			sourceTree = "<group>";
		};
		01414F231F0E598200808B9E /* ipip-gqUITests */ = {
			isa = PBXGroup;
			children = (
				01414F241F0E598200808B9E /* ipip_gqUITests.swift */,
				01414F261F0E598200808B9E /* Info.plist */,
			);
			path = "ipip-gqUITests";
			sourceTree = "<group>";
		};
		01414F331F0E5C3200808B9E /* Products */ = {
			isa = PBXGroup;
			children = (
				01414F3E1F0E5C3300808B9E /* Alamofire.framework */,
				01414F401F0E5C3300808B9E /* Alamofire iOS Tests.xctest */,
				01414F421F0E5C3300808B9E /* Alamofire.framework */,
				01414F441F0E5C3300808B9E /* Alamofire macOS Tests.xctest */,
				01414F461F0E5C3300808B9E /* Alamofire.framework */,
				01414F481F0E5C3300808B9E /* Alamofire tvOS Tests.xctest */,
				01414F4A1F0E5C3300808B9E /* Alamofire.framework */,
			);
			name = Products;
			sourceTree = "<group>";
		};
/* End PBXGroup section */

/* Begin PBXNativeTarget section */
		01414EFD1F0E598200808B9E /* ipip-gq */ = {
			isa = PBXNativeTarget;
			buildConfigurationList = 01414F291F0E598200808B9E /* Build configuration list for PBXNativeTarget "ipip-gq" */;
			buildPhases = (
				01414EFA1F0E598200808B9E /* Sources */,
				01414EFB1F0E598200808B9E /* Frameworks */,
				01414EFC1F0E598200808B9E /* Resources */,
			);
			buildRules = (
			);
			dependencies = (
				01414F4C1F0E5C5500808B9E /* PBXTargetDependency */,
			);
			name = "ipip-gq";
			productName = "ipip-gq";
			productReference = 01414EFE1F0E598200808B9E /* ipip-gq.app */;
			productType = "com.apple.product-type.application";
		};
		01414F141F0E598200808B9E /* ipip-gqTests */ = {
			isa = PBXNativeTarget;
			buildConfigurationList = 01414F2C1F0E598200808B9E /* Build configuration list for PBXNativeTarget "ipip-gqTests" */;
			buildPhases = (
				01414F111F0E598200808B9E /* Sources */,
				01414F121F0E598200808B9E /* Frameworks */,
				01414F131F0E598200808B9E /* Resources */,
			);
			buildRules = (
			);
			dependencies = (
				01414F171F0E598200808B9E /* PBXTargetDependency */,
			);
			name = "ipip-gqTests";
			productName = "ipip-gqTests";
			productReference = 01414F151F0E598200808B9E /* ipip-gqTests.xctest */;
			productType = "com.apple.product-type.bundle.unit-test";
		};
		01414F1F1F0E598200808B9E /* ipip-gqUITests */ = {
			isa = PBXNativeTarget;
			buildConfigurationList = 01414F2F1F0E598200808B9E /* Build configuration list for PBXNativeTarget "ipip-gqUITests" */;
			buildPhases = (
				01414F1C1F0E598200808B9E /* Sources */,
				01414F1D1F0E598200808B9E /* Frameworks */,
				01414F1E1F0E598200808B9E /* Resources */,
			);
			buildRules = (
			);
			dependencies = (
				01414F221F0E598200808B9E /* PBXTargetDependency */,
			);
			name = "ipip-gqUITests";
			productName = "ipip-gqUITests";
			productReference = 01414F201F0E598200808B9E /* ipip-gqUITests.xctest */;
			productType = "com.apple.product-type.bundle.ui-testing";
		};
/* End PBXNativeTarget section */

/* Begin PBXProject section */
		01414EF61F0E598200808B9E /* Project object */ = {
			isa = PBXProject;
			attributes = {
				LastSwiftUpdateCheck = 0830;
				LastUpgradeCheck = 0830;
				ORGANIZATIONNAME = kokonoe;
				TargetAttributes = {
					01414EFD1F0E598200808B9E = {
						CreatedOnToolsVersion = 8.3.3;
						DevelopmentTeam = 3G4595GUAV;
						ProvisioningStyle = Automatic;
					};
					01414F141F0E598200808B9E = {
						CreatedOnToolsVersion = 8.3.3;
						DevelopmentTeam = 3G4595GUAV;
						ProvisioningStyle = Automatic;
						TestTargetID = 01414EFD1F0E598200808B9E;
					};
					01414F1F1F0E598200808B9E = {
						CreatedOnToolsVersion = 8.3.3;
						DevelopmentTeam = 3G4595GUAV;
						ProvisioningStyle = Automatic;
						TestTargetID = 01414EFD1F0E598200808B9E;
					};
				};
			};
			buildConfigurationList = 01414EF91F0E598200808B9E /* Build configuration list for PBXProject "ipip-gq" */;
			compatibilityVersion = "Xcode 3.2";
			developmentRegion = English;
			hasScannedForEncodings = 0;
			knownRegions = (
				en,
				Base,
			);
			mainGroup = 01414EF51F0E598200808B9E;
			productRefGroup = 01414EFF1F0E598200808B9E /* Products */;
			projectDirPath = "";
			projectReferences = (
				{
					ProductGroup = 01414F331F0E5C3200808B9E /* Products */;
					ProjectRef = 01414F321F0E5C3200808B9E /* Alamofire.xcodeproj */;
				},
			);
			projectRoot = "";
			targets = (
				01414EFD1F0E598200808B9E /* ipip-gq */,
				01414F141F0E598200808B9E /* ipip-gqTests */,
				01414F1F1F0E598200808B9E /* ipip-gqUITests */,
			);
		};
/* End PBXProject section */

/* Begin PBXReferenceProxy section */
		01414F3E1F0E5C3300808B9E /* Alamofire.framework */ = {
			isa = PBXReferenceProxy;
			fileType = wrapper.framework;
			path = Alamofire.framework;
			remoteRef = 01414F3D1F0E5C3300808B9E /* PBXContainerItemProxy */;
			sourceTree = BUILT_PRODUCTS_DIR;
		};
		01414F401F0E5C3300808B9E /* Alamofire iOS Tests.xctest */ = {
			isa = PBXReferenceProxy;
			fileType = wrapper.cfbundle;
			path = "Alamofire iOS Tests.xctest";
			remoteRef = 01414F3F1F0E5C3300808B9E /* PBXContainerItemProxy */;
			sourceTree = BUILT_PRODUCTS_DIR;
		};
		01414F421F0E5C3300808B9E /* Alamofire.framework */ = {
			isa = PBXReferenceProxy;
			fileType = wrapper.framework;
			path = Alamofire.framework;
			remoteRef = 01414F411F0E5C3300808B9E /* PBXContainerItemProxy */;
			sourceTree = BUILT_PRODUCTS_DIR;
		};
		01414F441F0E5C3300808B9E /* Alamofire macOS Tests.xctest */ = {
			isa = PBXReferenceProxy;
			fileType = wrapper.cfbundle;
			path = "Alamofire macOS Tests.xctest";
			remoteRef = 01414F431F0E5C3300808B9E /* PBXContainerItemProxy */;
			sourceTree = BUILT_PRODUCTS_DIR;
		};
		01414F461F0E5C3300808B9E /* Alamofire.framework */ = {
			isa = PBXReferenceProxy;
			fileType = wrapper.framework;
			path = Alamofire.framework;
			remoteRef = 01414F451F0E5C3300808B9E /* PBXContainerItemProxy */;
			sourceTree = BUILT_PRODUCTS_DIR;
		};
		01414F481F0E5C3300808B9E /* Alamofire tvOS Tests.xctest */ = {
			isa = PBXReferenceProxy;
			fileType = wrapper.cfbundle;
			path = "Alamofire tvOS Tests.xctest";
			remoteRef = 01414F471F0E5C3300808B9E /* PBXContainerItemProxy */;
			sourceTree = BUILT_PRODUCTS_DIR;
		};
		01414F4A1F0E5C3300808B9E /* Alamofire.framework */ = {
			isa = PBXReferenceProxy;
			fileType = wrapper.framework;
			path = Alamofire.framework;
			remoteRef = 01414F491F0E5C3300808B9E /* PBXContainerItemProxy */;
			sourceTree = BUILT_PRODUCTS_DIR;
		};
/* End PBXReferenceProxy section */

/* Begin PBXResourcesBuildPhase section */
		01414EFC1F0E598200808B9E /* Resources */ = {
			isa = PBXResourcesBuildPhase;
			buildActionMask = 2147483647;
			files = (
				01414F0F1F0E598200808B9E /* LaunchScreen.storyboard in Resources */,
				01414F0C1F0E598200808B9E /* Assets.xcassets in Resources */,
				01414F071F0E598200808B9E /* Main.storyboard in Resources */,
			);
			runOnlyForDeploymentPostprocessing = 0;
		};
		01414F131F0E598200808B9E /* Resources */ = {
			isa = PBXResourcesBuildPhase;
			buildActionMask = 2147483647;
			files = (
			);
			runOnlyForDeploymentPostprocessing = 0;
		};
		01414F1E1F0E598200808B9E /* Resources */ = {
			isa = PBXResourcesBuildPhase;
			buildActionMask = 2147483647;
			files = (
			);
			runOnlyForDeploymentPostprocessing = 0;
		};
/* End PBXResourcesBuildPhase section */

/* Begin PBXSourcesBuildPhase section */
		01414EFA1F0E598200808B9E /* Sources */ = {
			isa = PBXSourcesBuildPhase;
			buildActionMask = 2147483647;
			files = (
				01414F041F0E598200808B9E /* ViewController.swift in Sources */,
				01414F0A1F0E598200808B9E /* ipip_gq.xcdatamodeld in Sources */,
				01414F021F0E598200808B9E /* AppDelegate.swift in Sources */,
			);
			runOnlyForDeploymentPostprocessing = 0;
		};
		01414F111F0E598200808B9E /* Sources */ = {
			isa = PBXSourcesBuildPhase;
			buildActionMask = 2147483647;
			files = (
				01414F1A1F0E598200808B9E /* ipip_gqTests.swift in Sources */,
			);
			runOnlyForDeploymentPostprocessing = 0;
		};
		01414F1C1F0E598200808B9E /* Sources */ = {
			isa = PBXSourcesBuildPhase;
			buildActionMask = 2147483647;
			files = (
				01414F251F0E598200808B9E /* ipip_gqUITests.swift in Sources */,
			);
			runOnlyForDeploymentPostprocessing = 0;
		};
/* End PBXSourcesBuildPhase section */

/* Begin PBXTargetDependency section */
		01414F171F0E598200808B9E /* PBXTargetDependency */ = {
			isa = PBXTargetDependency;
			target = 01414EFD1F0E598200808B9E /* ipip-gq */;
			targetProxy = 01414F161F0E598200808B9E /* PBXContainerItemProxy */;
		};
		01414F221F0E598200808B9E /* PBXTargetDependency */ = {
			isa = PBXTargetDependency;
			target = 01414EFD1F0E598200808B9E /* ipip-gq */;
			targetProxy = 01414F211F0E598200808B9E /* PBXContainerItemProxy */;
		};
		01414F4C1F0E5C5500808B9E /* PBXTargetDependency */ = {
			isa = PBXTargetDependency;
			name = "Alamofire iOS";
			targetProxy = 01414F4B1F0E5C5500808B9E /* PBXContainerItemProxy */;
		};
/* End PBXTargetDependency section */

/* Begin PBXVariantGroup section */
		01414F051F0E598200808B9E /* Main.storyboard */ = {
			isa = PBXVariantGroup;
			children = (
				01414F061F0E598200808B9E /* Base */,
			);
			name = Main.storyboard;
			sourceTree = "<group>";
		};
		01414F0D1F0E598200808B9E /* LaunchScreen.storyboard */ = {
			isa = PBXVariantGroup;
			children = (
				01414F0E1F0E598200808B9E /* Base */,
			);
			name = LaunchScreen.storyboard;
			sourceTree = "<group>";
		};
/* End PBXVariantGroup section */

/* Begin XCBuildConfiguration section */
		01414F271F0E598200808B9E /* Debug */ = {
			isa = XCBuildConfiguration;
			buildSettings = {
				ALWAYS_SEARCH_USER_PATHS = NO;
				CLANG_ANALYZER_NONNULL = YES;
				CLANG_ANALYZER_NUMBER_OBJECT_CONVERSION = YES_AGGRESSIVE;
				CLANG_CXX_LANGUAGE_STANDARD = "gnu++0x";
				CLANG_CXX_LIBRARY = "libc++";
				CLANG_ENABLE_MODULES = YES;
				CLANG_ENABLE_OBJC_ARC = YES;
				CLANG_WARN_BOOL_CONVERSION = YES;
				CLANG_WARN_CONSTANT_CONVERSION = YES;
				CLANG_WARN_DIRECT_OBJC_ISA_USAGE = YES_ERROR;
				CLANG_WARN_DOCUMENTATION_COMMENTS = YES;
				CLANG_WARN_EMPTY_BODY = YES;
				CLANG_WARN_ENUM_CONVERSION = YES;
				CLANG_WARN_INFINITE_RECURSION = YES;
				CLANG_WARN_INT_CONVERSION = YES;
				CLANG_WARN_OBJC_ROOT_CLASS = YES_ERROR;
				CLANG_WARN_SUSPICIOUS_MOVE = YES;
				CLANG_WARN_UNREACHABLE_CODE = YES;
				CLANG_WARN__DUPLICATE_METHOD_MATCH = YES;
				"CODE_SIGN_IDENTITY[sdk=iphoneos*]" = "iPhone Developer";
				COPY_PHASE_STRIP = NO;
				DEBUG_INFORMATION_FORMAT = dwarf;
				ENABLE_STRICT_OBJC_MSGSEND = YES;
				ENABLE_TESTABILITY = YES;
				GCC_C_LANGUAGE_STANDARD = gnu99;
				GCC_DYNAMIC_NO_PIC = NO;
				GCC_NO_COMMON_BLOCKS = YES;
				GCC_OPTIMIZATION_LEVEL = 0;
				GCC_PREPROCESSOR_DEFINITIONS = (
					"DEBUG=1",
					"$(inherited)",
				);
				GCC_WARN_64_TO_32_BIT_CONVERSION = YES;
				GCC_WARN_ABOUT_RETURN_TYPE = YES_ERROR;
				GCC_WARN_UNDECLARED_SELECTOR = YES;
				GCC_WARN_UNINITIALIZED_AUTOS = YES_AGGRESSIVE;
				GCC_WARN_UNUSED_FUNCTION = YES;
				GCC_WARN_UNUSED_VARIABLE = YES;
				IPHONEOS_DEPLOYMENT_TARGET = 10.3;
				MTL_ENABLE_DEBUG_INFO = YES;
				ONLY_ACTIVE_ARCH = YES;
				SDKROOT = iphoneos;
				SWIFT_ACTIVE_COMPILATION_CONDITIONS = DEBUG;
				SWIFT_OPTIMIZATION_LEVEL = "-Onone";
			};
			name = Debug;
		};
		01414F281F0E598200808B9E /* Release */ = {
			isa = XCBuildConfiguration;
			buildSettings = {
				ALWAYS_SEARCH_USER_PATHS = NO;
				CLANG_ANALYZER_NONNULL = YES;
				CLANG_ANALYZER_NUMBER_OBJECT_CONVERSION = YES_AGGRESSIVE;
				CLANG_CXX_LANGUAGE_STANDARD = "gnu++0x";
				CLANG_CXX_LIBRARY = "libc++";
				CLANG_ENABLE_MODULES = YES;
				CLANG_ENABLE_OBJC_ARC = YES;
				CLANG_WARN_BOOL_CONVERSION = YES;
				CLANG_WARN_CONSTANT_CONVERSION = YES;
				CLANG_WARN_DIRECT_OBJC_ISA_USAGE = YES_ERROR;
				CLANG_WARN_DOCUMENTATION_COMMENTS = YES;
				CLANG_WARN_EMPTY_BODY = YES;
				CLANG_WARN_ENUM_CONVERSION = YES;
				CLANG_WARN_INFINITE_RECURSION = YES;
				CLANG_WARN_INT_CONVERSION = YES;
				CLANG_WARN_OBJC_ROOT_CLASS = YES_ERROR;
				CLANG_WARN_SUSPICIOUS_MOVE = YES;
				CLANG_WARN_UNREACHABLE_CODE = YES;
				CLANG_WARN__DUPLICATE_METHOD_MATCH = YES;
				"CODE_SIGN_IDENTITY[sdk=iphoneos*]" = "iPhone Developer";
				COPY_PHASE_STRIP = NO;
				DEBUG_INFORMATION_FORMAT = "dwarf-with-dsym";
				ENABLE_NS_ASSERTIONS = NO;
				ENABLE_STRICT_OBJC_MSGSEND = YES;
				GCC_C_LANGUAGE_STANDARD = gnu99;
				GCC_NO_COMMON_BLOCKS = YES;
				GCC_WARN_64_TO_32_BIT_CONVERSION = YES;
				GCC_WARN_ABOUT_RETURN_TYPE = YES_ERROR;
				GCC_WARN_UNDECLARED_SELECTOR = YES;
				GCC_WARN_UNINITIALIZED_AUTOS = YES_AGGRESSIVE;
				GCC_WARN_UNUSED_FUNCTION = YES;
				GCC_WARN_UNUSED_VARIABLE = YES;
				IPHONEOS_DEPLOYMENT_TARGET = 10.3;
				MTL_ENABLE_DEBUG_INFO = NO;
				SDKROOT = iphoneos;
				SWIFT_OPTIMIZATION_LEVEL = "-Owholemodule";
				VALIDATE_PRODUCT = YES;
			};
			name = Release;
		};
		01414F2A1F0E598200808B9E /* Debug */ = {
			isa = XCBuildConfiguration;
			buildSettings = {
				ASSETCATALOG_COMPILER_APPICON_NAME = AppIcon;
				"CODE_SIGN_IDENTITY[sdk=iphoneos*]" = "iPhone Developer";
				DEVELOPMENT_TEAM = 3G4595GUAV;
				INFOPLIST_FILE = "ipip-gq/Info.plist";
				IPHONEOS_DEPLOYMENT_TARGET = 9.3;
				LD_RUNPATH_SEARCH_PATHS = "$(inherited) @executable_path/Frameworks";
				PRODUCT_BUNDLE_IDENTIFIER = "kr.ipip-gq";
				PRODUCT_NAME = "$(TARGET_NAME)";
				PROVISIONING_PROFILE_SPECIFIER = "";
				SWIFT_VERSION = 3.0;
			};
			name = Debug;
		};
		01414F2B1F0E598200808B9E /* Release */ = {
			isa = XCBuildConfiguration;
			buildSettings = {
				ASSETCATALOG_COMPILER_APPICON_NAME = AppIcon;
				"CODE_SIGN_IDENTITY[sdk=iphoneos*]" = "iPhone Developer";
				DEVELOPMENT_TEAM = 3G4595GUAV;
				INFOPLIST_FILE = "ipip-gq/Info.plist";
				IPHONEOS_DEPLOYMENT_TARGET = 9.3;
				LD_RUNPATH_SEARCH_PATHS = "$(inherited) @executable_path/Frameworks";
				PRODUCT_BUNDLE_IDENTIFIER = "kr.ipip-gq";
				PRODUCT_NAME = "$(TARGET_NAME)";
				PROVISIONING_PROFILE_SPECIFIER = "";
				SWIFT_VERSION = 3.0;
			};
			name = Release;
		};
		01414F2D1F0E598200808B9E /* Debug */ = {
			isa = XCBuildConfiguration;
			buildSettings = {
				ALWAYS_EMBED_SWIFT_STANDARD_LIBRARIES = YES;
				BUNDLE_LOADER = "$(TEST_HOST)";
				DEVELOPMENT_TEAM = 3G4595GUAV;
				INFOPLIST_FILE = "ipip-gqTests/Info.plist";
				LD_RUNPATH_SEARCH_PATHS = "$(inherited) @executable_path/Frameworks @loader_path/Frameworks";
				PRODUCT_BUNDLE_IDENTIFIER = "kr.ipip-gqTests";
				PRODUCT_NAME = "$(TARGET_NAME)";
				SWIFT_VERSION = 3.0;
				TEST_HOST = "$(BUILT_PRODUCTS_DIR)/ipip-gq.app/ipip-gq";
			};
			name = Debug;
		};
		01414F2E1F0E598200808B9E /* Release */ = {
			isa = XCBuildConfiguration;
			buildSettings = {
				ALWAYS_EMBED_SWIFT_STANDARD_LIBRARIES = YES;
				BUNDLE_LOADER = "$(TEST_HOST)";
				DEVELOPMENT_TEAM = 3G4595GUAV;
				INFOPLIST_FILE = "ipip-gqTests/Info.plist";
				LD_RUNPATH_SEARCH_PATHS = "$(inherited) @executable_path/Frameworks @loader_path/Frameworks";
				PRODUCT_BUNDLE_IDENTIFIER = "kr.ipip-gqTests";
				PRODUCT_NAME = "$(TARGET_NAME)";
				SWIFT_VERSION = 3.0;
				TEST_HOST = "$(BUILT_PRODUCTS_DIR)/ipip-gq.app/ipip-gq";
			};
			name = Release;
		};
		01414F301F0E598200808B9E /* Debug */ = {
			isa = XCBuildConfiguration;
			buildSettings = {
				ALWAYS_EMBED_SWIFT_STANDARD_LIBRARIES = YES;
				DEVELOPMENT_TEAM = 3G4595GUAV;
				INFOPLIST_FILE = "ipip-gqUITests/Info.plist";
				LD_RUNPATH_SEARCH_PATHS = "$(inherited) @executable_path/Frameworks @loader_path/Frameworks";
				PRODUCT_BUNDLE_IDENTIFIER = "kr.ipip-gqUITests";
				PRODUCT_NAME = "$(TARGET_NAME)";
				SWIFT_VERSION = 3.0;
				TEST_TARGET_NAME = "ipip-gq";
			};
			name = Debug;
		};
		01414F311F0E598200808B9E /* Release */ = {
			isa = XCBuildConfiguration;
			buildSettings = {
				ALWAYS_EMBED_SWIFT_STANDARD_LIBRARIES = YES;
				DEVELOPMENT_TEAM = 3G4595GUAV;
				INFOPLIST_FILE = "ipip-gqUITests/Info.plist";
				LD_RUNPATH_SEARCH_PATHS = "$(inherited) @executable_path/Frameworks @loader_path/Frameworks";
				PRODUCT_BUNDLE_IDENTIFIER = "kr.ipip-gqUITests";
				PRODUCT_NAME = "$(TARGET_NAME)";
				SWIFT_VERSION = 3.0;
				TEST_TARGET_NAME = "ipip-gq";
			};
			name = Release;
		};
/* End XCBuildConfiguration section */

/* Begin XCConfigurationList section */
		01414EF91F0E598200808B9E /* Build configuration list for PBXProject "ipip-gq" */ = {
			isa = XCConfigurationList;
			buildConfigurations = (
				01414F271F0E598200808B9E /* Debug */,
				01414F281F0E598200808B9E /* Release */,
			);
			defaultConfigurationIsVisible = 0;
			defaultConfigurationName = Release;
		};
		01414F291F0E598200808B9E /* Build configuration list for PBXNativeTarget "ipip-gq" */ = {
			isa = XCConfigurationList;
			buildConfigurations = (
				01414F2A1F0E598200808B9E /* Debug */,
				01414F2B1F0E598200808B9E /* Release */,
			);
			defaultConfigurationIsVisible = 0;
			defaultConfigurationName = Release;
		};
		01414F2C1F0E598200808B9E /* Build configuration list for PBXNativeTarget "ipip-gqTests" */ = {
			isa = XCConfigurationList;
			buildConfigurations = (
				01414F2D1F0E598200808B9E /* Debug */,
				01414F2E1F0E598200808B9E /* Release */,
			);
			defaultConfigurationIsVisible = 0;
			defaultConfigurationName = Release;
		};
		01414F2F1F0E598200808B9E /* Build configuration list for PBXNativeTarget "ipip-gqUITests" */ = {
			isa = XCConfigurationList;
			buildConfigurations = (
				01414F301F0E598200808B9E /* Debug */,
				01414F311F0E598200808B9E /* Release */,
			);
			defaultConfigurationIsVisible = 0;
			defaultConfigurationName = Release;
		};
/* End XCConfigurationList section */

/* Begin XCVersionGroup section */
		01414F081F0E598200808B9E /* ipip_gq.xcdatamodeld */ = {
			isa = XCVersionGroup;
			children = (
				01414F091F0E598200808B9E /* ipip_gq.xcdatamodel */,
			);
			currentVersion = 01414F091F0E598200808B9E /* ipip_gq.xcdatamodel */;
			path = ipip_gq.xcdatamodeld;
			sourceTree = "<group>";
			versionGroupType = wrapper.xcdatamodel;
		};
/* End XCVersionGroup section */
	};
	rootObject = 01414EF61F0E598200808B9E /* Project object */;
}
